
Microsoft Visual Studio Solution File, Format Version 12.00
# Visual Studio 15
VisualStudioVersion = 15.0.27703.2018
MinimumVisualStudioVersion = 10.0.40219.1
Project("{FAE04EC0-301F-11D3-BF4B-00C04F79EFBC}") = "MvcPerfTest", "MvcPerfTest\MvcPerfTest.csproj", "{E011170B-9DDC-4737-A284-13FC0D86DA9F}"
EndProject
Global
	GlobalSection(SolutionConfigurationPlatforms) = preSolution
		Debug|Any CPU = Debug|Any CPU
		Release|Any CPU = Release|Any CPU
	EndGlobalSection
	GlobalSection(ProjectConfigurationPlatforms) = postSolution
		{E011170B-9DDC-4737-A284-13FC0D86DA9F}.Debug|Any CPU.ActiveCfg = Debug|Any CPU
		{E011170B-9DDC-4737-A284-13FC0D86DA9F}.Debug|Any CPU.Build.0 = Debug|Any CPU
		{E011170B-9DDC-4737-A284-13FC0D86DA9F}.Release|Any CPU.ActiveCfg = Release|Any CPU
		{E011170B-9DDC-4737-A284-13FC0D86DA9F}.Release|Any CPU.Build.0 = Release|Any CPU
	EndGlobalSection
	GlobalSection(SolutionProperties) = preSolution
		HideSolutionNode = FALSE
	EndGlobalSection
	GlobalSection(ExtensibilityGlobals) = postSolution
		SolutionGuid = {53672B3E-0D02-4B55-8D24-28EBF0CB15E2}
	EndGlobalSection
EndGlobal
